
Microsoft Visual Studio Solution File, Format Version 12.00
# Visual Studio Version 17
VisualStudioVersion = 17.4.33213.308
MinimumVisualStudioVersion = 10.0.40219.1
Project("{FAE04EC0-301F-11D3-BF4B-00C04F79EFBC}") = "Lecture2", "Lecture2\Lecture2.csproj", "{08F77346-41CF-4B63-A4EE-CBC5AFF0B275}"
EndProject
Global
	GlobalSection(SolutionConfigurationPlatforms) = preSolution
		Debug|Any CPU = Debug|Any CPU
		Release|Any CPU = Release|Any CPU
	EndGlobalSection
	GlobalSection(ProjectConfigurationPlatforms) = postSolution
		{08F77346-41CF-4B63-A4EE-CBC5AFF0B275}.Debug|Any CPU.ActiveCfg = Debug|Any CPU
		{08F77346-41CF-4B63-A4EE-CBC5AFF0B275}.Debug|Any CPU.Build.0 = Debug|Any CPU
		{08F77346-41CF-4B63-A4EE-CBC5AFF0B275}.Release|Any CPU.ActiveCfg = Release|Any CPU
		{08F77346-41CF-4B63-A4EE-CBC5AFF0B275}.Release|Any CPU.Build.0 = Release|Any CPU
	EndGlobalSection
	GlobalSection(SolutionProperties) = preSolution
		HideSolutionNode = FALSE
	EndGlobalSection
	GlobalSection(ExtensibilityGlobals) = postSolution
		SolutionGuid = {6EB612D6-A03F-41B0-8C6B-6EC66F70E8B0}
	EndGlobalSection
EndGlobal
